
Microsoft Visual Studio Solution File, Format Version 12.00
# Visual Studio 15
VisualStudioVersion = 15.0.26730.12
MinimumVisualStudioVersion = 10.0.40219.1
Project("{8BC9CEB8-8B4A-11D0-8D11-00A0C91BC942}") = "Bootstrap", "Bootstrap\Bootstrap.vcxproj", "{3FCFE727-8759-4A7E-9CD0-6BF6B535BED1}"
EndProject
Project("{8BC9CEB8-8B4A-11D0-8D11-00A0C91BC942}") = "GameLib", "GameLib\GameLib.vcxproj", "{75521CE3-8BC3-45DA-A029-7D69DB4087DA}"
EndProject
Global
	GlobalSection(SolutionConfigurationPlatforms) = preSolution
		Debug|x64 = Debug|x64
		Debug|x86 = Debug|x86
		Release|x64 = Release|x64
		Release|x86 = Release|x86
	EndGlobalSection
	GlobalSection(ProjectConfigurationPlatforms) = postSolution
		{3FCFE727-8759-4A7E-9CD0-6BF6B535BED1}.Debug|x64.ActiveCfg = Debug|x64
		{3FCFE727-8759-4A7E-9CD0-6BF6B535BED1}.Debug|x64.Build.0 = Debug|x64
		{3FCFE727-8759-4A7E-9CD0-6BF6B535BED1}.Debug|x86.ActiveCfg = Debug|Win32
		{3FCFE727-8759-4A7E-9CD0-6BF6B535BED1}.Debug|x86.Build.0 = Debug|Win32
		{3FCFE727-8759-4A7E-9CD0-6BF6B535BED1}.Release|x64.ActiveCfg = Release|x64
		{3FCFE727-8759-4A7E-9CD0-6BF6B535BED1}.Release|x64.Build.0 = Release|x64
		{3FCFE727-8759-4A7E-9CD0-6BF6B535BED1}.Release|x86.ActiveCfg = Release|Win32
		{3FCFE727-8759-4A7E-9CD0-6BF6B535BED1}.Release|x86.Build.0 = Release|Win32
		{75521CE3-8BC3-45DA-A029-7D69DB4087DA}.Debug|x64.ActiveCfg = Debug|x64
		{75521CE3-8BC3-45DA-A029-7D69DB4087DA}.Debug|x64.Build.0 = Debug|x64
		{75521CE3-8BC3-45DA-A029-7D69DB4087DA}.Debug|x86.ActiveCfg = Debug|Win32
		{75521CE3-8BC3-45DA-A029-7D69DB4087DA}.Debug|x86.Build.0 = Debug|Win32
		{75521CE3-8BC3-45DA-A029-7D69DB4087DA}.Release|x64.ActiveCfg = Release|x64
		{75521CE3-8BC3-45DA-A029-7D69DB4087DA}.Release|x64.Build.0 = Release|x64
		{75521CE3-8BC3-45DA-A029-7D69DB4087DA}.Release|x86.ActiveCfg = Release|Win32
		{75521CE3-8BC3-45DA-A029-7D69DB4087DA}.Release|x86.Build.0 = Release|Win32
	EndGlobalSection
	GlobalSection(SolutionProperties) = preSolution
		HideSolutionNode = FALSE
	EndGlobalSection
	GlobalSection(ExtensibilityGlobals) = postSolution
		SolutionGuid = {A68CDBBA-4149-4DA5-B811-09D5B461D6C2}
	EndGlobalSection
EndGlobal
